# This file is automatically @generated by Cargo.
# It is not intended for manual editing.
version = 4

[[package]]
name = "javascriptcore-sys"
version = "0.0.6"
source = "registry+https://github.com/rust-lang/crates.io-index"
checksum = "1cb51ed1fdf76de7e841e8e934700f9587ee827285696d50357262209dcc5850"
dependencies = [
 "pkg-config",
]

[[package]]
name = "lunos"
version = "0.1.0"
dependencies = [
 "javascriptcore-sys",
]

[[package]]
name = "pkg-config"
version = "0.3.31"
source = "registry+https://github.com/rust-lang/crates.io-index"
checksum = "953ec861398dccce10c670dfeaf3ec4911ca479e9c02154b3a215178c5f566f2"
